PODS:
  - Capacitor (5.6.0):
    - CapacitorCordova
  - CapacitorApp (5.0.7):
    - Capacitor
  - CapacitorBrowser (5.1.0):
    - Capacitor
  - CapacitorCordova (5.6.0)
  - CapacitorHaptics (5.0.7):
    - Capacitor
  - CapacitorKeyboard (5.0.7):
    - Capacitor
  - CapacitorLocalNotifications (5.0.7):
    - Capacitor
  - CapacitorPreferences (5.0.7):
    - Capacitor
  - CapacitorPushNotifications (5.1.0):
    - Capacitor
  - CapacitorSplashScreen (5.0.7):
    - Capacitor
  - CapacitorStatusBar (5.0.7):
    - Capacitor
  - CordovaPlugins (5.6.0):
    - CapacitorCordova
    - SQLCipher (~> 4.0)
  - Firebase/CoreOnly (10.11.0):
    - FirebaseCore (= 10.11.0)
  - Firebase/Messaging (10.11.0):
    - Firebase/CoreOnly
    - FirebaseMessaging (~> 10.11.0)
  - FirebaseCore (10.11.0):
    - FirebaseCoreInternal (~> 10.0)
    - GoogleUtilities/Environment (~> 7.8)
    - GoogleUtilities/Logger (~> 7.8)
  - FirebaseCoreInternal (10.11.0):
    - "GoogleUtilities/NSData+zlib (~> 7.8)"
  - FirebaseInstallations (10.11.0):
    - FirebaseCore (~> 10.0)
    - GoogleUtilities/Environment (~> 7.8)
    - GoogleUtilities/UserDefaults (~> 7.8)
    - PromisesObjC (~> 2.1)
  - FirebaseMessaging (10.11.0):
    - FirebaseCore (~> 10.0)
    - FirebaseInstallations (~> 10.0)
    - GoogleDataTransport (~> 9.2)
    - GoogleUtilities/AppDelegateSwizzler (~> 7.8)
    - GoogleUtilities/Environment (~> 7.8)
    - GoogleUtilities/Reachability (~> 7.8)
    - GoogleUtilities/UserDefaults (~> 7.8)
    - nanopb (< 2.30910.0, >= 2.30908.0)
  - GoogleDataTransport (9.2.3):
    - GoogleUtilities/Environment (~> 7.7)
    - nanopb (< 2.30910.0, >= 2.30908.0)
    - PromisesObjC (< 3.0, >= 1.2)
  - GoogleUtilities/AppDelegateSwizzler (7.11.1):
    - GoogleUtilities/Environment
    - GoogleUtilities/Logger
    - GoogleUtilities/Network
  - GoogleUtilities/Environment (7.11.1):
    - PromisesObjC (< 3.0, >= 1.2)
  - GoogleUtilities/Logger (7.11.1):
    - GoogleUtilities/Environment
  - GoogleUtilities/Network (7.11.1):
    - GoogleUtilities/Logger
    - "GoogleUtilities/NSData+zlib"
    - GoogleUtilities/Reachability
  - "GoogleUtilities/NSData+zlib (7.11.1)"
  - GoogleUtilities/Reachability (7.11.1):
    - GoogleUtilities/Logger
  - GoogleUtilities/UserDefaults (7.11.1):
    - GoogleUtilities/Logger
  - IonicEnterpriseAuth (5.1.2):
    - Capacitor
  - nanopb (2.30909.0):
    - nanopb/decode (= 2.30909.0)
    - nanopb/encode (= 2.30909.0)
  - nanopb/decode (2.30909.0)
  - nanopb/encode (2.30909.0)
  - PromisesObjC (2.2.0)
  - SQLCipher (4.5.4):
    - SQLCipher/standard (= 4.5.4)
  - SQLCipher/common (4.5.4)
  - SQLCipher/standard (4.5.4):
    - SQLCipher/common

DEPENDENCIES:
  - "Capacitor (from `../../node_modules/@capacitor/ios`)"
  - "CapacitorApp (from `../../node_modules/@capacitor/app`)"
  - "CapacitorBrowser (from `../../node_modules/@capacitor/browser`)"
  - "CapacitorCordova (from `../../node_modules/@capacitor/ios`)"
  - "CapacitorHaptics (from `../../node_modules/@capacitor/haptics`)"
  - "CapacitorKeyboard (from `../../node_modules/@capacitor/keyboard`)"
  - "CapacitorLocalNotifications (from `../../node_modules/@capacitor/local-notifications`)"
  - "CapacitorPreferences (from `../../node_modules/@capacitor/preferences`)"
  - "CapacitorPushNotifications (from `../../node_modules/@capacitor/push-notifications`)"
  - "CapacitorSplashScreen (from `../../node_modules/@capacitor/splash-screen`)"
  - "CapacitorStatusBar (from `../../node_modules/@capacitor/status-bar`)"
  - CordovaPlugins (from `../capacitor-cordova-ios-plugins`)
  - Firebase/Messaging
  - "IonicEnterpriseAuth (from `../../node_modules/@ionic-enterprise/auth`)"

SPEC REPOS:
  trunk:
    - Firebase
    - FirebaseCore
    - FirebaseCoreInternal
    - FirebaseInstallations
    - FirebaseMessaging
    - GoogleDataTransport
    - GoogleUtilities
    - nanopb
    - PromisesObjC
    - SQLCipher

EXTERNAL SOURCES:
  Capacitor:
    :path: "../../node_modules/@capacitor/ios"
  CapacitorApp:
    :path: "../../node_modules/@capacitor/app"
  CapacitorBrowser:
    :path: "../../node_modules/@capacitor/browser"
  CapacitorCordova:
    :path: "../../node_modules/@capacitor/ios"
  CapacitorHaptics:
    :path: "../../node_modules/@capacitor/haptics"
  CapacitorKeyboard:
    :path: "../../node_modules/@capacitor/keyboard"
  CapacitorLocalNotifications:
    :path: "../../node_modules/@capacitor/local-notifications"
  CapacitorPreferences:
    :path: "../../node_modules/@capacitor/preferences"
  CapacitorPushNotifications:
    :path: "../../node_modules/@capacitor/push-notifications"
  CapacitorSplashScreen:
    :path: "../../node_modules/@capacitor/splash-screen"
  CapacitorStatusBar:
    :path: "../../node_modules/@capacitor/status-bar"
  CordovaPlugins:
    :path: "../capacitor-cordova-ios-plugins"
  IonicEnterpriseAuth:
    :path: "../../node_modules/@ionic-enterprise/auth"

SPEC CHECKSUMS:
  Capacitor: ebfc16cdb8116d04c101686b080342872da42d43
  CapacitorApp: 17fecd0e6cb23feafac7eb0939417389038b0979
  CapacitorBrowser: 7a0fb6a1011abfaaf2dfedfd8248f942a8eda3d6
  CapacitorCordova: 931b48fcdbc9bc985fc2f16cec9f77c794a27729
  CapacitorHaptics: 7c7c206f0c96a628fed073830c96d28c4b2e772e
  CapacitorKeyboard: ce5e01064cf57a2c05b32565310713b7fe6cc6f9
  CapacitorLocalNotifications: c58afadd159f6bc540ef9b3cbdbc82510a2bf112
  CapacitorPreferences: 77ac427e98db83bace772455f8ba447430382c4c
  CapacitorPushNotifications: b31e326c6e4eb216a622041d6ca21a973f34943f
  CapacitorSplashScreen: dd3de3f3644710fa2a697cfb91ec262eece4d242
  CapacitorStatusBar: f390fbb49b82ffb754ea4b3cf71dc8b048baf3e7
  CordovaPlugins: 0a6c5e363cc4bf0a542fd3830662a230df0d3e97
  Firebase: 31d9575c124839fb5abc0db6d39511cc1dab1b85
  FirebaseCore: 62fd4d549f5e3f3bd52b7998721c5fa0557fb355
  FirebaseCoreInternal: 9e46c82a14a3b3a25be4e1e151ce6d21536b89c0
  FirebaseInstallations: 2a2c6859354cbec0a228a863d4daf6de7c74ced4
  FirebaseMessaging: 06253e9669434df0a40718fc82a90c78090f4704
  GoogleDataTransport: f0308f5905a745f94fb91fea9c6cbaf3831cb1bd
  GoogleUtilities: 9aa0ad5a7bc171f8bae016300bfcfa3fb8425749
  IonicEnterpriseAuth: c73b149efdd27afebe2a308449221accc3f02df3
  nanopb: b552cce312b6c8484180ef47159bc0f65a1f0431
  PromisesObjC: 09985d6d70fbe7878040aa746d78236e6946d2ef
  SQLCipher: 905b145f65f349f26da9e60a19901ad24adcd381

PODFILE CHECKSUM: 2d601e3e6bbab999acdfc51e7fdaf19eda544928

COCOAPODS: 1.15.2
